# THIS IS AN AUTOGENERATED FILE. DO NOT EDIT THIS FILE DIRECTLY.
# yarn lockfile v1


libsodium-wrappers@^0.7.9:
  version "0.7.9"
  resolved "https://registry.yarnpkg.com/libsodium-wrappers/-/libsodium-wrappers-0.7.9.tgz#4ffc2b69b8f7c7c7c5594a93a4803f80f6d0f346"
  integrity sha512-9HaAeBGk1nKTRFRHkt7nzxqCvnkWTjn1pdjKgcUnZxj0FyOP4CnhgFhMdrFfgNsukijBGyBLpP2m2uKT1vuWhQ==
  dependencies:
    libsodium "^0.7.0"

libsodium@^0.7.0:
  version "0.7.9"
  resolved "https://registry.yarnpkg.com/libsodium/-/libsodium-0.7.9.tgz#4bb7bcbf662ddd920d8795c227ae25bbbfa3821b"
  integrity sha512-gfeADtR4D/CM0oRUviKBViMGXZDgnFdMKMzHsvBdqLBHd9ySi6EtYnmuhHVDDYgYpAO8eU8hEY+F8vIUAPh08A==
